
Microsoft Visual Studio Solution File, Format Version 11.00
# Visual Studio 2010
Project("{FAE04EC0-301F-11D3-BF4B-00C04F79EFBC}") = "AmericanSolider", "Assembly-CSharp.csproj", "{A88755C9-6438-73AB-5394-D2699ACD83E2}"
EndProject
Project("{FAE04EC0-301F-11D3-BF4B-00C04F79EFBC}") = "AmericanSolider", "Assembly-CSharp-Editor.csproj", "{EEE6AD0F-CE79-6C4A-21D2-AF44BF8A631F}"
EndProject
Global
	GlobalSection(SolutionConfigurationPlatforms) = preSolution
		Debug|Any CPU = Debug|Any CPU
		Release|Any CPU = Release|Any CPU
	EndGlobalSection
	GlobalSection(ProjectConfigurationPlatforms) = postSolution
		{A88755C9-6438-73AB-5394-D2699ACD83E2}.Debug|Any CPU.ActiveCfg = Debug|Any CPU
		{A88755C9-6438-73AB-5394-D2699ACD83E2}.Debug|Any CPU.Build.0 = Debug|Any CPU
		{A88755C9-6438-73AB-5394-D2699ACD83E2}.Release|Any CPU.ActiveCfg = Release|Any CPU
		{A88755C9-6438-73AB-5394-D2699ACD83E2}.Release|Any CPU.Build.0 = Release|Any CPU
		{EEE6AD0F-CE79-6C4A-21D2-AF44BF8A631F}.Debug|Any CPU.ActiveCfg = Debug|Any CPU
		{EEE6AD0F-CE79-6C4A-21D2-AF44BF8A631F}.Debug|Any CPU.Build.0 = Debug|Any CPU
		{EEE6AD0F-CE79-6C4A-21D2-AF44BF8A631F}.Release|Any CPU.ActiveCfg = Release|Any CPU
		{EEE6AD0F-CE79-6C4A-21D2-AF44BF8A631F}.Release|Any CPU.Build.0 = Release|Any CPU
	EndGlobalSection
	GlobalSection(SolutionProperties) = preSolution
		HideSolutionNode = FALSE
	EndGlobalSection
	GlobalSection(MonoDevelopProperties) = preSolution
		StartupItem = Assembly-CSharp.csproj
	EndGlobalSection
EndGlobal
